
Microsoft Visual Studio Solution File, Format Version 12.00
# Visual Studio Version 16
VisualStudioVersion = 16.0.32901.82
MinimumVisualStudioVersion = 10.0.40219.1
Project("{FAE04EC0-301F-11D3-BF4B-00C04F79EFBC}") = "Destinaciq", "Destinaciq\Destinaciq.csproj", "{0C018E4A-FD6F-449A-84FA-EEE9A86DB986}"
EndProject
Global
	GlobalSection(SolutionConfigurationPlatforms) = preSolution
		Debug|Any CPU = Debug|Any CPU
		Release|Any CPU = Release|Any CPU
	EndGlobalSection
	GlobalSection(ProjectConfigurationPlatforms) = postSolution
		{0C018E4A-FD6F-449A-84FA-EEE9A86DB986}.Debug|Any CPU.ActiveCfg = Debug|Any CPU
		{0C018E4A-FD6F-449A-84FA-EEE9A86DB986}.Debug|Any CPU.Build.0 = Debug|Any CPU
		{0C018E4A-FD6F-449A-84FA-EEE9A86DB986}.Release|Any CPU.ActiveCfg = Release|Any CPU
		{0C018E4A-FD6F-449A-84FA-EEE9A86DB986}.Release|Any CPU.Build.0 = Release|Any CPU
	EndGlobalSection
	GlobalSection(SolutionProperties) = preSolution
		HideSolutionNode = FALSE
	EndGlobalSection
	GlobalSection(ExtensibilityGlobals) = postSolution
		SolutionGuid = {7E3C7376-89C3-4275-9B28-BC28E15D3E22}
	EndGlobalSection
EndGlobal
